
Microsoft Visual Studio Solution File, Format Version 12.00
Project("{FAE04EC0-301F-11D3-BF4B-00C04F79EFBC}") = "Canteen.Api", "Canteen.Api\Canteen.Api.csproj", "{FD4232A4-2695-4354-AC03-A3269A29E1CE}"
EndProject
Project("{FAE04EC0-301F-11D3-BF4B-00C04F79EFBC}") = "Canteen.Data", "Canteen.Data\Canteen.Data.csproj", "{3EDC5BA6-9F81-4EB3-BF78-BA69C9774FA1}"
EndProject
Project("{FAE04EC0-301F-11D3-BF4B-00C04F79EFBC}") = "Canteen.Dto", "Canteen.Dto\Canteen.Dto.csproj", "{9D698F70-8E4D-45A7-91C5-98094C5F106D}"
EndProject
Project("{FAE04EC0-301F-11D3-BF4B-00C04F79EFBC}") = "Canteen.Api.Tests", "Canteen.Api.Tests\Canteen.Api.Tests.csproj", "{58970C84-1BE6-4543-AADE-3DD0D9DFDE5A}"
EndProject
Project("{FAE04EC0-301F-11D3-BF4B-00C04F79EFBC}") = "Canteen.Management", "Canteen.Management\Canteen.Management.csproj", "{A9A8B6B9-8D43-4D02-BB9E-9BDBFCF731F1}"
EndProject
Project("{2150E333-8FDC-42A3-9474-1A3956D46DE8}") = "1 - Presentation Tier", "1 - Presentation Tier", "{CE9FEC3A-66C9-4153-A93B-8CC19F21AFFA}"
EndProject
Project("{2150E333-8FDC-42A3-9474-1A3956D46DE8}") = "2 - Application Tier", "2 - Application Tier", "{9D2BF32E-9AAA-47E4-8E46-355105BBC954}"
EndProject
Global
	GlobalSection(SolutionConfigurationPlatforms) = preSolution
		Debug|Any CPU = Debug|Any CPU
		Release|Any CPU = Release|Any CPU
	EndGlobalSection
	GlobalSection(ProjectConfigurationPlatforms) = postSolution
		{FD4232A4-2695-4354-AC03-A3269A29E1CE}.Debug|Any CPU.ActiveCfg = Debug|Any CPU
		{FD4232A4-2695-4354-AC03-A3269A29E1CE}.Debug|Any CPU.Build.0 = Debug|Any CPU
		{FD4232A4-2695-4354-AC03-A3269A29E1CE}.Release|Any CPU.ActiveCfg = Release|Any CPU
		{FD4232A4-2695-4354-AC03-A3269A29E1CE}.Release|Any CPU.Build.0 = Release|Any CPU
		{3EDC5BA6-9F81-4EB3-BF78-BA69C9774FA1}.Debug|Any CPU.ActiveCfg = Debug|Any CPU
		{3EDC5BA6-9F81-4EB3-BF78-BA69C9774FA1}.Debug|Any CPU.Build.0 = Debug|Any CPU
		{3EDC5BA6-9F81-4EB3-BF78-BA69C9774FA1}.Release|Any CPU.ActiveCfg = Release|Any CPU
		{3EDC5BA6-9F81-4EB3-BF78-BA69C9774FA1}.Release|Any CPU.Build.0 = Release|Any CPU
		{9D698F70-8E4D-45A7-91C5-98094C5F106D}.Debug|Any CPU.ActiveCfg = Debug|Any CPU
		{9D698F70-8E4D-45A7-91C5-98094C5F106D}.Debug|Any CPU.Build.0 = Debug|Any CPU
		{9D698F70-8E4D-45A7-91C5-98094C5F106D}.Release|Any CPU.ActiveCfg = Release|Any CPU
		{9D698F70-8E4D-45A7-91C5-98094C5F106D}.Release|Any CPU.Build.0 = Release|Any CPU
		{58970C84-1BE6-4543-AADE-3DD0D9DFDE5A}.Debug|Any CPU.ActiveCfg = Debug|Any CPU
		{58970C84-1BE6-4543-AADE-3DD0D9DFDE5A}.Debug|Any CPU.Build.0 = Debug|Any CPU
		{58970C84-1BE6-4543-AADE-3DD0D9DFDE5A}.Release|Any CPU.ActiveCfg = Release|Any CPU
		{58970C84-1BE6-4543-AADE-3DD0D9DFDE5A}.Release|Any CPU.Build.0 = Release|Any CPU
		{A9A8B6B9-8D43-4D02-BB9E-9BDBFCF731F1}.Debug|Any CPU.ActiveCfg = Debug|Any CPU
		{A9A8B6B9-8D43-4D02-BB9E-9BDBFCF731F1}.Debug|Any CPU.Build.0 = Debug|Any CPU
		{A9A8B6B9-8D43-4D02-BB9E-9BDBFCF731F1}.Release|Any CPU.ActiveCfg = Release|Any CPU
		{A9A8B6B9-8D43-4D02-BB9E-9BDBFCF731F1}.Release|Any CPU.Build.0 = Release|Any CPU
	EndGlobalSection
	GlobalSection(NestedProjects) = preSolution
		{A9A8B6B9-8D43-4D02-BB9E-9BDBFCF731F1} = {CE9FEC3A-66C9-4153-A93B-8CC19F21AFFA}
		{FD4232A4-2695-4354-AC03-A3269A29E1CE} = {9D2BF32E-9AAA-47E4-8E46-355105BBC954}
		{58970C84-1BE6-4543-AADE-3DD0D9DFDE5A} = {9D2BF32E-9AAA-47E4-8E46-355105BBC954}
		{3EDC5BA6-9F81-4EB3-BF78-BA69C9774FA1} = {9D2BF32E-9AAA-47E4-8E46-355105BBC954}
		{9D698F70-8E4D-45A7-91C5-98094C5F106D} = {9D2BF32E-9AAA-47E4-8E46-355105BBC954}
	EndGlobalSection
EndGlobal
